
Microsoft Visual Studio Solution File, Format Version 12.00
# Visual Studio 14
VisualStudioVersion = 14.0.23107.0
MinimumVisualStudioVersion = 10.0.40219.1
Project("{D2ABAB84-BF74-430A-B69E-9DC6D40DDA17}") = "IT18125726_SSAS_Insuarance", "IT18125726_SSAS_Insuarance\IT18125726_SSAS_Insuarance.dwproj", "{E8EFE52A-316A-4C0A-8816-B6EC488DB505}"
EndProject
Global
	GlobalSection(SolutionConfigurationPlatforms) = preSolution
		Development|Default = Development|Default
	EndGlobalSection
	GlobalSection(ProjectConfigurationPlatforms) = postSolution
		{E8EFE52A-316A-4C0A-8816-B6EC488DB505}.Development|Default.ActiveCfg = Development
		{E8EFE52A-316A-4C0A-8816-B6EC488DB505}.Development|Default.Build.0 = Development
		{E8EFE52A-316A-4C0A-8816-B6EC488DB505}.Development|Default.Deploy.0 = Development
	EndGlobalSection
	GlobalSection(SolutionProperties) = preSolution
		HideSolutionNode = FALSE
	EndGlobalSection
EndGlobal
